
Microsoft Visual Studio Solution File, Format Version 12.00
# Visual Studio 2013
VisualStudioVersion = 12.0.31101.0
MinimumVisualStudioVersion = 10.0.40219.1
Project("{8BC9CEB8-8B4A-11D0-8D11-00A0C91BC942}") = "ex1.1", "ex1.1\ex1.1.vcxproj", "{4A1EF536-A5E3-41B3-A22A-C4190E0BAB47}"
EndProject
Project("{8BC9CEB8-8B4A-11D0-8D11-00A0C91BC942}") = "ex1.2", "ex1.2\ex1.2.vcxproj", "{1FF5369B-57E8-4AE2-AE75-A62DC51F197E}"
EndProject
Project("{8BC9CEB8-8B4A-11D0-8D11-00A0C91BC942}") = "ex1.3", "ex1.3\ex1.3.vcxproj", "{0DB53475-9080-4804-921E-018368217F2B}"
EndProject
Global
	GlobalSection(SolutionConfigurationPlatforms) = preSolution
		Debug|Win32 = Debug|Win32
		Release|Win32 = Release|Win32
	EndGlobalSection
	GlobalSection(ProjectConfigurationPlatforms) = postSolution
		{4A1EF536-A5E3-41B3-A22A-C4190E0BAB47}.Debug|Win32.ActiveCfg = Debug|Win32
		{4A1EF536-A5E3-41B3-A22A-C4190E0BAB47}.Debug|Win32.Build.0 = Debug|Win32
		{4A1EF536-A5E3-41B3-A22A-C4190E0BAB47}.Release|Win32.ActiveCfg = Release|Win32
		{4A1EF536-A5E3-41B3-A22A-C4190E0BAB47}.Release|Win32.Build.0 = Release|Win32
		{1FF5369B-57E8-4AE2-AE75-A62DC51F197E}.Debug|Win32.ActiveCfg = Debug|Win32
		{1FF5369B-57E8-4AE2-AE75-A62DC51F197E}.Debug|Win32.Build.0 = Debug|Win32
		{1FF5369B-57E8-4AE2-AE75-A62DC51F197E}.Release|Win32.ActiveCfg = Release|Win32
		{1FF5369B-57E8-4AE2-AE75-A62DC51F197E}.Release|Win32.Build.0 = Release|Win32
		{0DB53475-9080-4804-921E-018368217F2B}.Debug|Win32.ActiveCfg = Debug|Win32
		{0DB53475-9080-4804-921E-018368217F2B}.Debug|Win32.Build.0 = Debug|Win32
		{0DB53475-9080-4804-921E-018368217F2B}.Release|Win32.ActiveCfg = Release|Win32
		{0DB53475-9080-4804-921E-018368217F2B}.Release|Win32.Build.0 = Release|Win32
	EndGlobalSection
	GlobalSection(SolutionProperties) = preSolution
		HideSolutionNode = FALSE
	EndGlobalSection
EndGlobal
